
Microsoft Visual Studio Solution File, Format Version 12.00
# Visual Studio Version 17
VisualStudioVersion = 17.10.35027.167
MinimumVisualStudioVersion = 10.0.40219.1
Project("{FAE04EC0-301F-11D3-BF4B-00C04F79EFBC}") = "miCuartaPractica", "miCuartaPractica\miCuartaPractica.csproj", "{9636F5E9-688B-4864-9A9A-E21EA0B533FB}"
EndProject
Global
	GlobalSection(SolutionConfigurationPlatforms) = preSolution
		Debug|Any CPU = Debug|Any CPU
		Release|Any CPU = Release|Any CPU
	EndGlobalSection
	GlobalSection(ProjectConfigurationPlatforms) = postSolution
		{9636F5E9-688B-4864-9A9A-E21EA0B533FB}.Debug|Any CPU.ActiveCfg = Debug|Any CPU
		{9636F5E9-688B-4864-9A9A-E21EA0B533FB}.Debug|Any CPU.Build.0 = Debug|Any CPU
		{9636F5E9-688B-4864-9A9A-E21EA0B533FB}.Release|Any CPU.ActiveCfg = Release|Any CPU
		{9636F5E9-688B-4864-9A9A-E21EA0B533FB}.Release|Any CPU.Build.0 = Release|Any CPU
	EndGlobalSection
	GlobalSection(SolutionProperties) = preSolution
		HideSolutionNode = FALSE
	EndGlobalSection
	GlobalSection(ExtensibilityGlobals) = postSolution
		SolutionGuid = {5F6A8A8C-2C1E-493E-A3C5-B42748D15591}
	EndGlobalSection
EndGlobal
